// !$*UTF8*$!
{
	archiveVersion = 1;
	classes = {
	};
	objectVersion = 50;
	objects = {

/* Begin PBXBuildFile section */
		F1460BA5233D348700370092 /* AppDelegate.swift in Sources */ = {isa = PBXBuildFile; fileRef = F1460BA4233D348700370092 /* AppDelegate.swift */; };
		F1460BA7233D348700370092 /* WriteView.swift in Sources */ = {isa = PBXBuildFile; fileRef = F1460BA6233D348700370092 /* WriteView.swift */; };
		F1460BAA233D348700370092 /* Fast_Write.xcdatamodeld in Sources */ = {isa = PBXBuildFile; fileRef = F1460BA8233D348700370092 /* Fast_Write.xcdatamodeld */; };
		F1460BAC233D348800370092 /* Assets.xcassets in Resources */ = {isa = PBXBuildFile; fileRef = F1460BAB233D348800370092 /* Assets.xcassets */; };
		F1460BAF233D348800370092 /* Main.storyboard in Resources */ = {isa = PBXBuildFile; fileRef = F1460BAD233D348800370092 /* Main.storyboard */; };
/* End PBXBuildFile section */

/* Begin PBXFileReference section */
		F1460BA1233D348700370092 /* Fast Write.app */ = {isa = PBXFileReference; explicitFileType = wrapper.application; includeInIndex = 0; path = "Fast Write.app"; sourceTree = BUILT_PRODUCTS_DIR; };
		F1460BA4233D348700370092 /* AppDelegate.swift */ = {isa = PBXFileReference; lastKnownFileType = sourcecode.swift; path = AppDelegate.swift; sourceTree = "<group>"; };
		F1460BA6233D348700370092 /* WriteView.swift */ = {isa = PBXFileReference; lastKnownFileType = sourcecode.swift; path = WriteView.swift; sourceTree = "<group>"; };
		F1460BA9233D348700370092 /* Fast_Write.xcdatamodel */ = {isa = PBXFileReference; lastKnownFileType = wrapper.xcdatamodel; path = Fast_Write.xcdatamodel; sourceTree = "<group>"; };
		F1460BAB233D348800370092 /* Assets.xcassets */ = {isa = PBXFileReference; lastKnownFileType = folder.assetcatalog; path = Assets.xcassets; sourceTree = "<group>"; };
		F1460BAE233D348800370092 /* Base */ = {isa = PBXFileReference; lastKnownFileType = file.storyboard; name = Base; path = Base.lproj/Main.storyboard; sourceTree = "<group>"; };
		F1460BB0233D348800370092 /* Info.plist */ = {isa = PBXFileReference; lastKnownFileType = text.plist.xml; path = Info.plist; sourceTree = "<group>"; };
		F1460BB1233D348800370092 /* Fast_Write.entitlements */ = {isa = PBXFileReference; lastKnownFileType = text.plist.entitlements; path = Fast_Write.entitlements; sourceTree = "<group>"; };
/* End PBXFileReference section */

/* Begin PBXFrameworksBuildPhase section */
		F1460B9E233D348700370092 /* Frameworks */ = {
			isa = PBXFrameworksBuildPhase;
			buildActionMask = 2147483647;
			files = (
			);
			runOnlyForDeploymentPostprocessing = 0;
		};
/* End PBXFrameworksBuildPhase section */

/* Begin PBXGroup section */
		F1460B98233D348700370092 = {
			isa = PBXGroup;
			children = (
				F1460BA3233D348700370092 /* Fast Write */,
				F1460BA2233D348700370092 /* Products */,
			);
			sourceTree = "<group>";
		};
		F1460BA2233D348700370092 /* Products */ = {
			isa = PBXGroup;
			children = (
				F1460BA1233D348700370092 /* Fast Write.app */,
			);
			name = Products;
			sourceTree = "<group>";
		};
		F1460BA3233D348700370092 /* Fast Write */ = {
			isa = PBXGroup;
			children = (
				F1460BA4233D348700370092 /* AppDelegate.swift */,
				F1460BA6233D348700370092 /* WriteView.swift */,
				F1460BAB233D348800370092 /* Assets.xcassets */,
				F1460BAD233D348800370092 /* Main.storyboard */,
				F1460BB0233D348800370092 /* Info.plist */,
				F1460BB1233D348800370092 /* Fast_Write.entitlements */,
				F1460BA8233D348700370092 /* Fast_Write.xcdatamodeld */,
			);
			path = "Fast Write";
			sourceTree = "<group>";
		};
/* End PBXGroup section */

/* Begin PBXNativeTarget section */
		F1460BA0233D348700370092 /* Fast Write */ = {
			isa = PBXNativeTarget;
			buildConfigurationList = F1460BB4233D348800370092 /* Build configuration list for PBXNativeTarget "Fast Write" */;
			buildPhases = (
				F1460B9D233D348700370092 /* Sources */,
				F1460B9E233D348700370092 /* Frameworks */,
				F1460B9F233D348700370092 /* Resources */,
			);
			buildRules = (
			);
			dependencies = (
			);
			name = "Fast Write";
			productName = "Fast Write";
			productReference = F1460BA1233D348700370092 /* Fast Write.app */;
			productType = "com.apple.product-type.application";
		};
/* End PBXNativeTarget section */

/* Begin PBXProject section */
		F1460B99233D348700370092 /* Project object */ = {
			isa = PBXProject;
			attributes = {
				LastSwiftUpdateCheck = 1100;
				LastUpgradeCheck = 1100;
				ORGANIZATIONNAME = "Марк Акиваев";
				TargetAttributes = {
					F1460BA0233D348700370092 = {
						CreatedOnToolsVersion = 11.0;
					};
				};
			};
			buildConfigurationList = F1460B9C233D348700370092 /* Build configuration list for PBXProject "Fast Write" */;
			compatibilityVersion = "Xcode 9.3";
			developmentRegion = en;
			hasScannedForEncodings = 0;
			knownRegions = (
				en,
				Base,
			);
			mainGroup = F1460B98233D348700370092;
			productRefGroup = F1460BA2233D348700370092 /* Products */;
			projectDirPath = "";
			projectRoot = "";
			targets = (
				F1460BA0233D348700370092 /* Fast Write */,
			);
		};
/* End PBXProject section */

/* Begin PBXResourcesBuildPhase section */
		F1460B9F233D348700370092 /* Resources */ = {
			isa = PBXResourcesBuildPhase;
			buildActionMask = 2147483647;
			files = (
				F1460BAC233D348800370092 /* Assets.xcassets in Resources */,
				F1460BAF233D348800370092 /* Main.storyboard in Resources */,
			);
			runOnlyForDeploymentPostprocessing = 0;
		};
/* End PBXResourcesBuildPhase section */

/* Begin PBXSourcesBuildPhase section */
		F1460B9D233D348700370092 /* Sources */ = {
			isa = PBXSourcesBuildPhase;
			buildActionMask = 2147483647;
			files = (
				F1460BAA233D348700370092 /* Fast_Write.xcdatamodeld in Sources */,
				F1460BA7233D348700370092 /* WriteView.swift in Sources */,
				F1460BA5233D348700370092 /* AppDelegate.swift in Sources */,
			);
			runOnlyForDeploymentPostprocessing = 0;
		};
/* End PBXSourcesBuildPhase section */

/* Begin PBXVariantGroup section */
		F1460BAD233D348800370092 /* Main.storyboard */ = {
			isa = PBXVariantGroup;
			children = (
				F1460BAE233D348800370092 /* Base */,
			);
			name = Main.storyboard;
			sourceTree = "<group>";
		};
/* End PBXVariantGroup section */

/* Begin XCBuildConfiguration section */
		F1460BB2233D348800370092 /* Debug */ = {
			isa = XCBuildConfiguration;
			buildSettings = {
				ALWAYS_SEARCH_USER_PATHS = NO;
				CLANG_ANALYZER_NONNULL = YES;
				CLANG_ANALYZER_NUMBER_OBJECT_CONVERSION = YES_AGGRESSIVE;
				CLANG_CXX_LANGUAGE_STANDARD = "gnu++14";
				CLANG_CXX_LIBRARY = "libc++";
				CLANG_ENABLE_MODULES = YES;
				CLANG_ENABLE_OBJC_ARC = YES;
				CLANG_ENABLE_OBJC_WEAK = YES;
				CLANG_WARN_BLOCK_CAPTURE_AUTORELEASING = YES;
				CLANG_WARN_BOOL_CONVERSION = YES;
				CLANG_WARN_COMMA = YES;
				CLANG_WARN_CONSTANT_CONVERSION = YES;
				CLANG_WARN_DEPRECATED_OBJC_IMPLEMENTATIONS = YES;
				CLANG_WARN_DIRECT_OBJC_ISA_USAGE = YES_ERROR;
				CLANG_WARN_DOCUMENTATION_COMMENTS = YES;
				CLANG_WARN_EMPTY_BODY = YES;
				CLANG_WARN_ENUM_CONVERSION = YES;
				CLANG_WARN_INFINITE_RECURSION = YES;
				CLANG_WARN_INT_CONVERSION = YES;
				CLANG_WARN_NON_LITERAL_NULL_CONVERSION = YES;
				CLANG_WARN_OBJC_IMPLICIT_RETAIN_SELF = YES;
				CLANG_WARN_OBJC_LITERAL_CONVERSION = YES;
				CLANG_WARN_OBJC_ROOT_CLASS = YES_ERROR;
				CLANG_WARN_RANGE_LOOP_ANALYSIS = YES;
				CLANG_WARN_STRICT_PROTOTYPES = YES;
				CLANG_WARN_SUSPICIOUS_MOVE = YES;
				CLANG_WARN_UNGUARDED_AVAILABILITY = YES_AGGRESSIVE;
				CLANG_WARN_UNREACHABLE_CODE = YES;
				CLANG_WARN__DUPLICATE_METHOD_MATCH = YES;
				COPY_PHASE_STRIP = NO;
				DEBUG_INFORMATION_FORMAT = dwarf;
				ENABLE_STRICT_OBJC_MSGSEND = YES;
				ENABLE_TESTABILITY = YES;
				GCC_C_LANGUAGE_STANDARD = gnu11;
				GCC_DYNAMIC_NO_PIC = NO;
				GCC_NO_COMMON_BLOCKS = YES;
				GCC_OPTIMIZATION_LEVEL = 0;
				GCC_PREPROCESSOR_DEFINITIONS = (
					"DEBUG=1",
					"$(inherited)",
				);
				GCC_WARN_64_TO_32_BIT_CONVERSION = YES;
				GCC_WARN_ABOUT_RETURN_TYPE = YES_ERROR;
				GCC_WARN_UNDECLARED_SELECTOR = YES;
				GCC_WARN_UNINITIALIZED_AUTOS = YES_AGGRESSIVE;
				GCC_WARN_UNUSED_FUNCTION = YES;
				GCC_WARN_UNUSED_VARIABLE = YES;
				MACOSX_DEPLOYMENT_TARGET = 10.14;
				MTL_ENABLE_DEBUG_INFO = INCLUDE_SOURCE;
				MTL_FAST_MATH = YES;
				ONLY_ACTIVE_ARCH = YES;
				SDKROOT = macosx;
				SWIFT_ACTIVE_COMPILATION_CONDITIONS = DEBUG;
				SWIFT_OPTIMIZATION_LEVEL = "-Onone";
			};
			name = Debug;
		};
		F1460BB3233D348800370092 /* Release */ = {
			isa = XCBuildConfiguration;
			buildSettings = {
				ALWAYS_SEARCH_USER_PATHS = NO;
				CLANG_ANALYZER_NONNULL = YES;
				CLANG_ANALYZER_NUMBER_OBJECT_CONVERSION = YES_AGGRESSIVE;
				CLANG_CXX_LANGUAGE_STANDARD = "gnu++14";
				CLANG_CXX_LIBRARY = "libc++";
				CLANG_ENABLE_MODULES = YES;
				CLANG_ENABLE_OBJC_ARC = YES;
				CLANG_ENABLE_OBJC_WEAK = YES;
				CLANG_WARN_BLOCK_CAPTURE_AUTORELEASING = YES;
				CLANG_WARN_BOOL_CONVERSION = YES;
				CLANG_WARN_COMMA = YES;
				CLANG_WARN_CONSTANT_CONVERSION = YES;
				CLANG_WARN_DEPRECATED_OBJC_IMPLEMENTATIONS = YES;
				CLANG_WARN_DIRECT_OBJC_ISA_USAGE = YES_ERROR;
				CLANG_WARN_DOCUMENTATION_COMMENTS = YES;
				CLANG_WARN_EMPTY_BODY = YES;
				CLANG_WARN_ENUM_CONVERSION = YES;
				CLANG_WARN_INFINITE_RECURSION = YES;
				CLANG_WARN_INT_CONVERSION = YES;
				CLANG_WARN_NON_LITERAL_NULL_CONVERSION = YES;
				CLANG_WARN_OBJC_IMPLICIT_RETAIN_SELF = YES;
				CLANG_WARN_OBJC_LITERAL_CONVERSION = YES;
				CLANG_WARN_OBJC_ROOT_CLASS = YES_ERROR;
				CLANG_WARN_RANGE_LOOP_ANALYSIS = YES;
				CLANG_WARN_STRICT_PROTOTYPES = YES;
				CLANG_WARN_SUSPICIOUS_MOVE = YES;
				CLANG_WARN_UNGUARDED_AVAILABILITY = YES_AGGRESSIVE;
				CLANG_WARN_UNREACHABLE_CODE = YES;
				CLANG_WARN__DUPLICATE_METHOD_MATCH = YES;
				COPY_PHASE_STRIP = NO;
				DEBUG_INFORMATION_FORMAT = "dwarf-with-dsym";
				ENABLE_NS_ASSERTIONS = NO;
				ENABLE_STRICT_OBJC_MSGSEND = YES;
				GCC_C_LANGUAGE_STANDARD = gnu11;
				GCC_NO_COMMON_BLOCKS = YES;
				GCC_WARN_64_TO_32_BIT_CONVERSION = YES;
				GCC_WARN_ABOUT_RETURN_TYPE = YES_ERROR;
				GCC_WARN_UNDECLARED_SELECTOR = YES;
				GCC_WARN_UNINITIALIZED_AUTOS = YES_AGGRESSIVE;
				GCC_WARN_UNUSED_FUNCTION = YES;
				GCC_WARN_UNUSED_VARIABLE = YES;
				MACOSX_DEPLOYMENT_TARGET = 10.14;
				MTL_ENABLE_DEBUG_INFO = NO;
				MTL_FAST_MATH = YES;
				SDKROOT = macosx;
				SWIFT_COMPILATION_MODE = wholemodule;
				SWIFT_OPTIMIZATION_LEVEL = "-O";
			};
			name = Release;
		};
		F1460BB5233D348800370092 /* Debug */ = {
			isa = XCBuildConfiguration;
			buildSettings = {
				ASSETCATALOG_COMPILER_APPICON_NAME = AppIcon;
				CODE_SIGN_ENTITLEMENTS = "Fast Write/Fast_Write.entitlements";
				CODE_SIGN_STYLE = Automatic;
				COMBINE_HIDPI_IMAGES = YES;
				DEVELOPMENT_TEAM = LHGQDA3AMG;
				ENABLE_HARDENED_RUNTIME = YES;
				INFOPLIST_FILE = "Fast Write/Info.plist";
				LD_RUNPATH_SEARCH_PATHS = (
					"$(inherited)",
					"@executable_path/../Frameworks",
				);
				PRODUCT_BUNDLE_IDENTIFIER = "OrgM.Fast-Write";
				PRODUCT_NAME = "$(TARGET_NAME)";
				SWIFT_VERSION = 5.0;
			};
			name = Debug;
		};
		F1460BB6233D348800370092 /* Release */ = {
			isa = XCBuildConfiguration;
			buildSettings = {
				ASSETCATALOG_COMPILER_APPICON_NAME = AppIcon;
				CODE_SIGN_ENTITLEMENTS = "Fast Write/Fast_Write.entitlements";
				CODE_SIGN_STYLE = Automatic;
				COMBINE_HIDPI_IMAGES = YES;
				DEVELOPMENT_TEAM = LHGQDA3AMG;
				ENABLE_HARDENED_RUNTIME = YES;
				INFOPLIST_FILE = "Fast Write/Info.plist";
				LD_RUNPATH_SEARCH_PATHS = (
					"$(inherited)",
					"@executable_path/../Frameworks",
				);
				PRODUCT_BUNDLE_IDENTIFIER = "OrgM.Fast-Write";
				PRODUCT_NAME = "$(TARGET_NAME)";
				SWIFT_VERSION = 5.0;
			};
			name = Release;
		};
/* End XCBuildConfiguration section */

/* Begin XCConfigurationList section */
		F1460B9C233D348700370092 /* Build configuration list for PBXProject "Fast Write" */ = {
			isa = XCConfigurationList;
			buildConfigurations = (
				F1460BB2233D348800370092 /* Debug */,
				F1460BB3233D348800370092 /* Release */,
			);
			defaultConfigurationIsVisible = 0;
			defaultConfigurationName = Release;
		};
		F1460BB4233D348800370092 /* Build configuration list for PBXNativeTarget "Fast Write" */ = {
			isa = XCConfigurationList;
			buildConfigurations = (
				F1460BB5233D348800370092 /* Debug */,
				F1460BB6233D348800370092 /* Release */,
			);
			defaultConfigurationIsVisible = 0;
			defaultConfigurationName = Release;
		};
/* End XCConfigurationList section */

/* Begin XCVersionGroup section */
		F1460BA8233D348700370092 /* Fast_Write.xcdatamodeld */ = {
			isa = XCVersionGroup;
			children = (
				F1460BA9233D348700370092 /* Fast_Write.xcdatamodel */,
			);
			currentVersion = F1460BA9233D348700370092 /* Fast_Write.xcdatamodel */;
			path = Fast_Write.xcdatamodeld;
			sourceTree = "<group>";
			versionGroupType = wrapper.xcdatamodel;
		};
/* End XCVersionGroup section */
	};
	rootObject = F1460B99233D348700370092 /* Project object */;
}
